
Microsoft Visual Studio Solution File, Format Version 12.00
# Visual Studio Version 16
VisualStudioVersion = 16.0.30907.101
MinimumVisualStudioVersion = 10.0.40219.1
Project("{F184B08F-C81C-45F6-A57F-5ABD9991F28F}") = "WorkingWithCollections", "WorkingWithCollections\WorkingWithCollections.vbproj", "{2829D161-27C3-44C2-AA14-FED903EA1BDB}"
EndProject
Global
	GlobalSection(SolutionConfigurationPlatforms) = preSolution
		Debug|Any CPU = Debug|Any CPU
		Release|Any CPU = Release|Any CPU
	EndGlobalSection
	GlobalSection(ProjectConfigurationPlatforms) = postSolution
		{2829D161-27C3-44C2-AA14-FED903EA1BDB}.Debug|Any CPU.ActiveCfg = Debug|Any CPU
		{2829D161-27C3-44C2-AA14-FED903EA1BDB}.Debug|Any CPU.Build.0 = Debug|Any CPU
		{2829D161-27C3-44C2-AA14-FED903EA1BDB}.Release|Any CPU.ActiveCfg = Release|Any CPU
		{2829D161-27C3-44C2-AA14-FED903EA1BDB}.Release|Any CPU.Build.0 = Release|Any CPU
	EndGlobalSection
	GlobalSection(SolutionProperties) = preSolution
		HideSolutionNode = FALSE
	EndGlobalSection
	GlobalSection(ExtensibilityGlobals) = postSolution
		SolutionGuid = {C670F995-FCD7-4D30-B1DB-3D0C73D958E9}
	EndGlobalSection
EndGlobal
